
Microsoft Visual Studio Solution File, Format Version 12.00
# Visual Studio Version 16
VisualStudioVersion = 16.0.29806.167
MinimumVisualStudioVersion = 10.0.40219.1
Project("{9A19103F-16F7-4668-BE54-9A1E7A4F7556}") = "PhotOn.Infrastructure", "PhotOn.Infrastructure\PhotOn.Infrastructure.csproj", "{F3C48A6F-8F8E-47A5-BCCD-5D0F34226089}"
EndProject
Project("{9A19103F-16F7-4668-BE54-9A1E7A4F7556}") = "PhotOn.Core", "PhotOn.Core\PhotOn.Core.csproj", "{67C2E23B-9C9C-4FE0-9957-065076E22E2D}"
EndProject
Project("{9A19103F-16F7-4668-BE54-9A1E7A4F7556}") = "PhotOn.Application", "PhotOn.Application\PhotOn.Application.csproj", "{7FF1330D-1785-4450-83F0-DE00348D4D9E}"
EndProject
Project("{FAE04EC0-301F-11D3-BF4B-00C04F79EFBC}") = "PhotOn.Web", "PhotOn.Web\PhotOn.Web.csproj", "{424BA699-A9C3-440B-A02C-D65D9E04B6CB}"
EndProject
Global
	GlobalSection(SolutionConfigurationPlatforms) = preSolution
		Debug|Any CPU = Debug|Any CPU
		Release|Any CPU = Release|Any CPU
	EndGlobalSection
	GlobalSection(ProjectConfigurationPlatforms) = postSolution
		{F3C48A6F-8F8E-47A5-BCCD-5D0F34226089}.Debug|Any CPU.ActiveCfg = Debug|Any CPU
		{F3C48A6F-8F8E-47A5-BCCD-5D0F34226089}.Debug|Any CPU.Build.0 = Debug|Any CPU
		{F3C48A6F-8F8E-47A5-BCCD-5D0F34226089}.Release|Any CPU.ActiveCfg = Release|Any CPU
		{F3C48A6F-8F8E-47A5-BCCD-5D0F34226089}.Release|Any CPU.Build.0 = Release|Any CPU
		{67C2E23B-9C9C-4FE0-9957-065076E22E2D}.Debug|Any CPU.ActiveCfg = Debug|Any CPU
		{67C2E23B-9C9C-4FE0-9957-065076E22E2D}.Debug|Any CPU.Build.0 = Debug|Any CPU
		{67C2E23B-9C9C-4FE0-9957-065076E22E2D}.Release|Any CPU.ActiveCfg = Release|Any CPU
		{67C2E23B-9C9C-4FE0-9957-065076E22E2D}.Release|Any CPU.Build.0 = Release|Any CPU
		{7FF1330D-1785-4450-83F0-DE00348D4D9E}.Debug|Any CPU.ActiveCfg = Debug|Any CPU
		{7FF1330D-1785-4450-83F0-DE00348D4D9E}.Debug|Any CPU.Build.0 = Debug|Any CPU
		{7FF1330D-1785-4450-83F0-DE00348D4D9E}.Release|Any CPU.ActiveCfg = Release|Any CPU
		{7FF1330D-1785-4450-83F0-DE00348D4D9E}.Release|Any CPU.Build.0 = Release|Any CPU
		{424BA699-A9C3-440B-A02C-D65D9E04B6CB}.Debug|Any CPU.ActiveCfg = Debug|Any CPU
		{424BA699-A9C3-440B-A02C-D65D9E04B6CB}.Debug|Any CPU.Build.0 = Debug|Any CPU
		{424BA699-A9C3-440B-A02C-D65D9E04B6CB}.Release|Any CPU.ActiveCfg = Release|Any CPU
		{424BA699-A9C3-440B-A02C-D65D9E04B6CB}.Release|Any CPU.Build.0 = Release|Any CPU
	EndGlobalSection
	GlobalSection(SolutionProperties) = preSolution
		HideSolutionNode = FALSE
	EndGlobalSection
	GlobalSection(ExtensibilityGlobals) = postSolution
		SolutionGuid = {370229DE-13F1-4B26-9628-56E5D340C1D2}
	EndGlobalSection
EndGlobal
